
Microsoft Visual Studio Solution File, Format Version 12.00
# Visual Studio Version 17
VisualStudioVersion = 17.0.31912.275
MinimumVisualStudioVersion = 15.0.26430.16
Project("{9A19103F-16F7-4668-BE54-9A1E7A4F7556}") = "Ubiquity.NET.CSemVer.Build", "CSemVer.Build.Tasks\Ubiquity.NET.CSemVer.Build.csproj", "{7EAFFC51-87D5-4EEA-AB68-3BF8CD634DF7}"
EndProject
Project("{2150E333-8FDC-42A3-9474-1A3956D46DE8}") = "Solution Items", "Solution Items", "{B98EAC76-ACDD-4A4C-9426-6606BA5DF8A7}"
	ProjectSection(SolutionItems) = preProject
		..\Build-All.ps1 = ..\Build-All.ps1
		..\Build-Source.ps1 = ..\Build-Source.ps1
		..\BuildVersion.xml = ..\BuildVersion.xml
		..\Directory.Build.props = ..\Directory.Build.props
		..\Directory.Build.targets = ..\Directory.Build.targets
		..\global.json = ..\global.json
		..\Nuget.Config = ..\Nuget.Config
		..\Packages.props = ..\Packages.props
		..\.github\workflows\pr-build.yml = ..\.github\workflows\pr-build.yml
		..\Publish-Release.ps1 = ..\Publish-Release.ps1
		..\Push-Docs.ps1 = ..\Push-Docs.ps1
		..\README.md = ..\README.md
		..\.github\workflows\release-build.yml = ..\.github\workflows\release-build.yml
		..\repo-buildutils.ps1 = ..\repo-buildutils.ps1
		..\stylecop.json = ..\stylecop.json
		..\Ubiquity.NET.ruleset = ..\Ubiquity.NET.ruleset
	EndProjectSection
EndProject
Project("{9A19103F-16F7-4668-BE54-9A1E7A4F7556}") = "Ubiquity.NET.CSemVer", "Ubiquity.NET.CSemVer\Ubiquity.NET.CSemVer.csproj", "{FDF78B1E-D36F-4C49-997D-8903E01DB00F}"
EndProject
Global
	GlobalSection(SolutionConfigurationPlatforms) = preSolution
		Debug|Any CPU = Debug|Any CPU
		Release|Any CPU = Release|Any CPU
	EndGlobalSection
	GlobalSection(ProjectConfigurationPlatforms) = postSolution
		{7EAFFC51-87D5-4EEA-AB68-3BF8CD634DF7}.Debug|Any CPU.ActiveCfg = Debug|Any CPU
		{7EAFFC51-87D5-4EEA-AB68-3BF8CD634DF7}.Debug|Any CPU.Build.0 = Debug|Any CPU
		{7EAFFC51-87D5-4EEA-AB68-3BF8CD634DF7}.Release|Any CPU.ActiveCfg = Release|Any CPU
		{7EAFFC51-87D5-4EEA-AB68-3BF8CD634DF7}.Release|Any CPU.Build.0 = Release|Any CPU
		{FDF78B1E-D36F-4C49-997D-8903E01DB00F}.Debug|Any CPU.ActiveCfg = Debug|Any CPU
		{FDF78B1E-D36F-4C49-997D-8903E01DB00F}.Debug|Any CPU.Build.0 = Debug|Any CPU
		{FDF78B1E-D36F-4C49-997D-8903E01DB00F}.Release|Any CPU.ActiveCfg = Release|Any CPU
		{FDF78B1E-D36F-4C49-997D-8903E01DB00F}.Release|Any CPU.Build.0 = Release|Any CPU
	EndGlobalSection
	GlobalSection(SolutionProperties) = preSolution
		HideSolutionNode = FALSE
	EndGlobalSection
	GlobalSection(ExtensibilityGlobals) = postSolution
		SolutionGuid = {1928D82A-06EF-47DF-A5C6-CB38A2F8D1F7}
	EndGlobalSection
EndGlobal
